<Solution>
  <Project Path="Product.API/Product.API.csproj" />
  <Project Path="Product.Application/Product.Application.csproj" />
  <Project Path="Product.Core/Product.Core.csproj" />
  <Project Path="Product.Infrastructure/Product.Infrastructure.csproj" />
  <Project Path="Product.Tests/Product.Tests.csproj" />
</Solution>
